// !$*UTF8*$!
{
	archiveVersion = 1;
	classes = {
	};
	objectVersion = 45;
	objects = {

/* Begin PBXBuildFile section */
		1D3623260D0F684500981E51 /* uTorrentViewAppDelegate.m in Sources */ = {isa = PBXBuildFile; fileRef = 1D3623250D0F684500981E51 /* uTorrentViewAppDelegate.m */; };
		1D60589B0D05DD56006BFB54 /* main.m in Sources */ = {isa = PBXBuildFile; fileRef = 29B97316FDCFA39411CA2CEA /* main.m */; };
		1D60589F0D05DD5A006BFB54 /* Foundation.framework in Frameworks */ = {isa = PBXBuildFile; fileRef = 1D30AB110D05D00D00671497 /* Foundation.framework */; };
		1DF5F4E00D08C38300B7A737 /* UIKit.framework in Frameworks */ = {isa = PBXBuildFile; fileRef = 1DF5F4DF0D08C38300B7A737 /* UIKit.framework */; };
		2892E4100DC94CBA00A64D0F /* CoreGraphics.framework in Frameworks */ = {isa = PBXBuildFile; fileRef = 2892E40F0DC94CBA00A64D0F /* CoreGraphics.framework */; };
		2899E5600DE3E45000AC0155 /* RootViewController.xib in Resources */ = {isa = PBXBuildFile; fileRef = 2899E55F0DE3E45000AC0155 /* RootViewController.xib */; };
		28AD73600D9D9599002E5188 /* MainWindow.xib in Resources */ = {isa = PBXBuildFile; fileRef = 28AD735F0D9D9599002E5188 /* MainWindow.xib */; };
		28C286E10D94DF7D0034E888 /* RootViewController.m in Sources */ = {isa = PBXBuildFile; fileRef = 28C286E00D94DF7D0034E888 /* RootViewController.m */; };
		49AC9E290F0E3B5C001DC76B /* StatusOrganizer.m in Sources */ = {isa = PBXBuildFile; fileRef = 49AC9E280F0E3B5C001DC76B /* StatusOrganizer.m */; };
		49AC9F740F0E6037001DC76B /* NameOrganizer.m in Sources */ = {isa = PBXBuildFile; fileRef = 49AC9F730F0E6037001DC76B /* NameOrganizer.m */; };
		49B3904D0F45F490002A5FA0 /* SettingsViewController.m in Sources */ = {isa = PBXBuildFile; fileRef = 49B3904C0F45F490002A5FA0 /* SettingsViewController.m */; };
		49B3904F0F45F4FB002A5FA0 /* SettingsViewController.xib in Resources */ = {isa = PBXBuildFile; fileRef = 49B3904E0F45F4FB002A5FA0 /* SettingsViewController.xib */; };
		49B3905A0F45FFA6002A5FA0 /* SettingsCell.m in Sources */ = {isa = PBXBuildFile; fileRef = 49B390590F45FFA6002A5FA0 /* SettingsCell.m */; };
		49B391D60F462B93002A5FA0 /* SettingsCell.xib in Resources */ = {isa = PBXBuildFile; fileRef = 49B391D50F462B93002A5FA0 /* SettingsCell.xib */; };
		49C0C8FA0EFD80D700DCBCA3 /* DetailsViewController.xib in Resources */ = {isa = PBXBuildFile; fileRef = 49C0C8F90EFD80D700DCBCA3 /* DetailsViewController.xib */; };
		49F16D260EFFFC490069037E /* TorrentNetworkManager.m in Sources */ = {isa = PBXBuildFile; fileRef = 49F16D250EFFFC490069037E /* TorrentNetworkManager.m */; };
		6102A6CB0F08403700F3CC2C /* flag_white.png in Resources */ = {isa = PBXBuildFile; fileRef = 6102A6CA0F08403700F3CC2C /* flag_white.png */; };
		610620F00EFD7DC0003A3B53 /* TorrentCell.m in Sources */ = {isa = PBXBuildFile; fileRef = 610620EF0EFD7DC0003A3B53 /* TorrentCell.m */; };
		612483DA0F02600700DB8B5F /* CustomFooterView.xib in Resources */ = {isa = PBXBuildFile; fileRef = 612483D90F02600700DB8B5F /* CustomFooterView.xib */; };
		612484980F02A0D600DB8B5F /* LabelsViewController.m in Sources */ = {isa = PBXBuildFile; fileRef = 612484970F02A0D600DB8B5F /* LabelsViewController.m */; };
		6124849A0F02A11D00DB8B5F /* LabelsViewController.xib in Resources */ = {isa = PBXBuildFile; fileRef = 612484990F02A11D00DB8B5F /* LabelsViewController.xib */; };
		61613FFC0F03A72500DD585B /* LabelCell.m in Sources */ = {isa = PBXBuildFile; fileRef = 61613FFB0F03A72500DD585B /* LabelCell.m */; };
		616140090F03A89500DD585B /* TorrentCell.xib in Resources */ = {isa = PBXBuildFile; fileRef = 616140080F03A89500DD585B /* TorrentCell.xib */; };
		6161401A0F0410BD00DD585B /* status_green.png in Resources */ = {isa = PBXBuildFile; fileRef = 616140190F0410BD00DD585B /* status_green.png */; };
		616140720F044D1C00DD585B /* status_blue.png in Resources */ = {isa = PBXBuildFile; fileRef = 616140670F044D1C00DD585B /* status_blue.png */; };
		616140730F044D1C00DD585B /* status_blue_badge.png in Resources */ = {isa = PBXBuildFile; fileRef = 616140680F044D1C00DD585B /* status_blue_badge.png */; };
		616140740F044D1C00DD585B /* status_blue_trans.png in Resources */ = {isa = PBXBuildFile; fileRef = 616140690F044D1C00DD585B /* status_blue_trans.png */; };
		616140750F044D1C00DD585B /* status_green_badge.png in Resources */ = {isa = PBXBuildFile; fileRef = 6161406A0F044D1C00DD585B /* status_green_badge.png */; };
		616140760F044D1C00DD585B /* status_green_trans.png in Resources */ = {isa = PBXBuildFile; fileRef = 6161406B0F044D1C00DD585B /* status_green_trans.png */; };
		616140770F044D1C00DD585B /* status_grey.png in Resources */ = {isa = PBXBuildFile; fileRef = 6161406C0F044D1C00DD585B /* status_grey.png */; };
		616140780F044D1C00DD585B /* status_grey_badge.png in Resources */ = {isa = PBXBuildFile; fileRef = 6161406D0F044D1C00DD585B /* status_grey_badge.png */; };
		616140790F044D1C00DD585B /* status_red.png in Resources */ = {isa = PBXBuildFile; fileRef = 6161406E0F044D1C00DD585B /* status_red.png */; };
		6161407A0F044D1C00DD585B /* status_skull.png in Resources */ = {isa = PBXBuildFile; fileRef = 6161406F0F044D1C00DD585B /* status_skull.png */; };
		6161407B0F044D1C00DD585B /* status_violet.png in Resources */ = {isa = PBXBuildFile; fileRef = 616140700F044D1C00DD585B /* status_violet.png */; };
		6161407C0F044D1C00DD585B /* status_yellow.png in Resources */ = {isa = PBXBuildFile; fileRef = 616140710F044D1C00DD585B /* status_yellow.png */; };
		616141E80F053DE400DD585B /* LabelCell.xib in Resources */ = {isa = PBXBuildFile; fileRef = 616141E70F053DE400DD585B /* LabelCell.xib */; };
		6161423D0F05865B00DD585B /* DownloadingViewController.m in Sources */ = {isa = PBXBuildFile; fileRef = 6161423C0F05865B00DD585B /* DownloadingViewController.m */; };
		618DED230F0FF71E00B15244 /* my_flag.png in Resources */ = {isa = PBXBuildFile; fileRef = 618DED220F0FF71E00B15244 /* my_flag.png */; };
		619E70890F06B70100A9CBDB /* BlueBadge.m in Sources */ = {isa = PBXBuildFile; fileRef = 619E70880F06B70100A9CBDB /* BlueBadge.m */; };
		619E70AB0F06BCC200A9CBDB /* labels.png in Resources */ = {isa = PBXBuildFile; fileRef = 619E70AA0F06BCC200A9CBDB /* labels.png */; };
		619E70B00F06BD4D00A9CBDB /* updown.png in Resources */ = {isa = PBXBuildFile; fileRef = 619E70AE0F06BD4D00A9CBDB /* updown.png */; };
		619E723A0F07A42D00A9CBDB /* CustomAlertView.m in Sources */ = {isa = PBXBuildFile; fileRef = 619E72390F07A42D00A9CBDB /* CustomAlertView.m */; };
		61A291160F4CA672008FFF3B /* setup.png in Resources */ = {isa = PBXBuildFile; fileRef = 61A291150F4CA672008FFF3B /* setup.png */; };
		61A511860F0032A700839B16 /* DetailedViewController.m in Sources */ = {isa = PBXBuildFile; fileRef = 61A511850F0032A700839B16 /* DetailedViewController.m */; };
		61BE8F900F0821B700D83454 /* hue.png in Resources */ = {isa = PBXBuildFile; fileRef = 61BE8F8F0F0821B700D83454 /* hue.png */; };
		61BE8F9D0F08253800D83454 /* brightness.png in Resources */ = {isa = PBXBuildFile; fileRef = 61BE8F9C0F08253800D83454 /* brightness.png */; };
		61BE8FE30F08318300D83454 /* ring.png in Resources */ = {isa = PBXBuildFile; fileRef = 61BE8FE20F08318300D83454 /* ring.png */; };
		61BE8FF70F0833F000D83454 /* down.png in Resources */ = {isa = PBXBuildFile; fileRef = 61BE8FF60F0833F000D83454 /* down.png */; };
		61DDE7270EFEDB5F00EE8119 /* Utilities.m in Sources */ = {isa = PBXBuildFile; fileRef = 61DDE7260EFEDB5F00EE8119 /* Utilities.m */; };
		61EB95110EF6C51F00340762 /* Settings.bundle in Resources */ = {isa = PBXBuildFile; fileRef = 61EB95100EF6C51F00340762 /* Settings.bundle */; };
		61EB956B0EF6CC6000340762 /* SystemConfiguration.framework in Frameworks */ = {isa = PBXBuildFile; fileRef = 61EB956A0EF6CC6000340762 /* SystemConfiguration.framework */; };
		61EE0FC00F13A627001798BB /* Icon.png in Resources */ = {isa = PBXBuildFile; fileRef = 61EE0FBF0F13A627001798BB /* Icon.png */; };
/* End PBXBuildFile section */

/* Begin PBXFileReference section */
		1D30AB110D05D00D00671497 /* Foundation.framework */ = {isa = PBXFileReference; lastKnownFileType = wrapper.framework; name = Foundation.framework; path = System/Library/Frameworks/Foundation.framework; sourceTree = SDKROOT; };
		1D3623240D0F684500981E51 /* uTorrentViewAppDelegate.h */ = {isa = PBXFileReference; fileEncoding = 4; lastKnownFileType = sourcecode.c.h; path = uTorrentViewAppDelegate.h; sourceTree = "<group>"; };
		1D3623250D0F684500981E51 /* uTorrentViewAppDelegate.m */ = {isa = PBXFileReference; fileEncoding = 4; lastKnownFileType = sourcecode.c.objc; path = uTorrentViewAppDelegate.m; sourceTree = "<group>"; };
		1D6058910D05DD3D006BFB54 /* uMonitor.app */ = {isa = PBXFileReference; explicitFileType = wrapper.application; includeInIndex = 0; path = uMonitor.app; sourceTree = BUILT_PRODUCTS_DIR; };
		1DF5F4DF0D08C38300B7A737 /* UIKit.framework */ = {isa = PBXFileReference; lastKnownFileType = wrapper.framework; name = UIKit.framework; path = System/Library/Frameworks/UIKit.framework; sourceTree = SDKROOT; };
		2892E40F0DC94CBA00A64D0F /* CoreGraphics.framework */ = {isa = PBXFileReference; lastKnownFileType = wrapper.framework; name = CoreGraphics.framework; path = System/Library/Frameworks/CoreGraphics.framework; sourceTree = SDKROOT; };
		2899E55F0DE3E45000AC0155 /* RootViewController.xib */ = {isa = PBXFileReference; lastKnownFileType = file.xib; path = RootViewController.xib; sourceTree = "<group>"; };
		28A0AAE50D9B0CCF005BE974 /* uTorrentView_Prefix.pch */ = {isa = PBXFileReference; fileEncoding = 4; lastKnownFileType = sourcecode.c.h; path = uTorrentView_Prefix.pch; sourceTree = "<group>"; };
		28AD735F0D9D9599002E5188 /* MainWindow.xib */ = {isa = PBXFileReference; lastKnownFileType = file.xib; path = MainWindow.xib; sourceTree = "<group>"; };
		28C286DF0D94DF7D0034E888 /* RootViewController.h */ = {isa = PBXFileReference; fileEncoding = 4; lastKnownFileType = sourcecode.c.h; path = RootViewController.h; sourceTree = "<group>"; };
		28C286E00D94DF7D0034E888 /* RootViewController.m */ = {isa = PBXFileReference; fileEncoding = 4; lastKnownFileType = sourcecode.c.objc; path = RootViewController.m; sourceTree = "<group>"; };
		29B97316FDCFA39411CA2CEA /* main.m */ = {isa = PBXFileReference; fileEncoding = 4; lastKnownFileType = sourcecode.c.objc; path = main.m; sourceTree = "<group>"; };
		49AC9E240F0E3A7E001DC76B /* TorrentOrganizer.h */ = {isa = PBXFileReference; fileEncoding = 4; lastKnownFileType = sourcecode.c.h; path = TorrentOrganizer.h; sourceTree = "<group>"; };
		49AC9E270F0E3B5C001DC76B /* StatusOrganizer.h */ = {isa = PBXFileReference; fileEncoding = 4; lastKnownFileType = sourcecode.c.h; path = StatusOrganizer.h; sourceTree = "<group>"; };
		49AC9E280F0E3B5C001DC76B /* StatusOrganizer.m */ = {isa = PBXFileReference; fileEncoding = 4; lastKnownFileType = sourcecode.c.objc; path = StatusOrganizer.m; sourceTree = "<group>"; };
		49AC9F720F0E6037001DC76B /* NameOrganizer.h */ = {isa = PBXFileReference; fileEncoding = 4; lastKnownFileType = sourcecode.c.h; path = NameOrganizer.h; sourceTree = "<group>"; };
		49AC9F730F0E6037001DC76B /* NameOrganizer.m */ = {isa = PBXFileReference; fileEncoding = 4; lastKnownFileType = sourcecode.c.objc; path = NameOrganizer.m; sourceTree = "<group>"; };
		49B3904B0F45F490002A5FA0 /* SettingsViewController.h */ = {isa = PBXFileReference; fileEncoding = 4; lastKnownFileType = sourcecode.c.h; path = SettingsViewController.h; sourceTree = "<group>"; };
		49B3904C0F45F490002A5FA0 /* SettingsViewController.m */ = {isa = PBXFileReference; fileEncoding = 4; lastKnownFileType = sourcecode.c.objc; path = SettingsViewController.m; sourceTree = "<group>"; };
		49B3904E0F45F4FB002A5FA0 /* SettingsViewController.xib */ = {isa = PBXFileReference; lastKnownFileType = file.xib; path = SettingsViewController.xib; sourceTree = "<group>"; };
		49B390580F45FFA6002A5FA0 /* SettingsCell.h */ = {isa = PBXFileReference; fileEncoding = 4; lastKnownFileType = sourcecode.c.h; path = SettingsCell.h; sourceTree = "<group>"; };
		49B390590F45FFA6002A5FA0 /* SettingsCell.m */ = {isa = PBXFileReference; fileEncoding = 4; lastKnownFileType = sourcecode.c.objc; path = SettingsCell.m; sourceTree = "<group>"; };
		49B391D50F462B93002A5FA0 /* SettingsCell.xib */ = {isa = PBXFileReference; lastKnownFileType = file.xib; path = SettingsCell.xib; sourceTree = "<group>"; };
		49C0C8F90EFD80D700DCBCA3 /* DetailsViewController.xib */ = {isa = PBXFileReference; lastKnownFileType = file.xib; path = DetailsViewController.xib; sourceTree = "<group>"; };
		49F16D240EFFFC490069037E /* TorrentNetworkManager.h */ = {isa = PBXFileReference; fileEncoding = 4; lastKnownFileType = sourcecode.c.h; path = TorrentNetworkManager.h; sourceTree = "<group>"; };
		49F16D250EFFFC490069037E /* TorrentNetworkManager.m */ = {isa = PBXFileReference; fileEncoding = 4; lastKnownFileType = sourcecode.c.objc; path = TorrentNetworkManager.m; sourceTree = "<group>"; };
		49F16D2E0F0010730069037E /* TorrentListener.h */ = {isa = PBXFileReference; fileEncoding = 4; lastKnownFileType = sourcecode.c.h; path = TorrentListener.h; sourceTree = "<group>"; };
		6102A6CA0F08403700F3CC2C /* flag_white.png */ = {isa = PBXFileReference; lastKnownFileType = image.png; path = flag_white.png; sourceTree = "<group>"; };
		610620BD0EFD77FC003A3B53 /* uTorrentConstants.h */ = {isa = PBXFileReference; fileEncoding = 4; lastKnownFileType = sourcecode.c.h; path = uTorrentConstants.h; sourceTree = "<group>"; };
		610620EE0EFD7DC0003A3B53 /* TorrentCell.h */ = {isa = PBXFileReference; fileEncoding = 4; lastKnownFileType = sourcecode.c.h; path = TorrentCell.h; sourceTree = "<group>"; };
		610620EF0EFD7DC0003A3B53 /* TorrentCell.m */ = {isa = PBXFileReference; fileEncoding = 4; lastKnownFileType = sourcecode.c.objc; path = TorrentCell.m; sourceTree = "<group>"; };
		612483D90F02600700DB8B5F /* CustomFooterView.xib */ = {isa = PBXFileReference; lastKnownFileType = file.xib; path = CustomFooterView.xib; sourceTree = "<group>"; };
		612484960F02A0D600DB8B5F /* LabelsViewController.h */ = {isa = PBXFileReference; fileEncoding = 4; lastKnownFileType = sourcecode.c.h; path = LabelsViewController.h; sourceTree = "<group>"; };
		612484970F02A0D600DB8B5F /* LabelsViewController.m */ = {isa = PBXFileReference; fileEncoding = 4; lastKnownFileType = sourcecode.c.objc; path = LabelsViewController.m; sourceTree = "<group>"; };
		612484990F02A11D00DB8B5F /* LabelsViewController.xib */ = {isa = PBXFileReference; lastKnownFileType = file.xib; path = LabelsViewController.xib; sourceTree = "<group>"; };
		61613FFA0F03A72500DD585B /* LabelCell.h */ = {isa = PBXFileReference; fileEncoding = 4; lastKnownFileType = sourcecode.c.h; path = LabelCell.h; sourceTree = "<group>"; };
		61613FFB0F03A72500DD585B /* LabelCell.m */ = {isa = PBXFileReference; fileEncoding = 4; lastKnownFileType = sourcecode.c.objc; path = LabelCell.m; sourceTree = "<group>"; };
		616140080F03A89500DD585B /* TorrentCell.xib */ = {isa = PBXFileReference; lastKnownFileType = file.xib; path = TorrentCell.xib; sourceTree = "<group>"; };
		616140190F0410BD00DD585B /* status_green.png */ = {isa = PBXFileReference; lastKnownFileType = image.png; path = status_green.png; sourceTree = "<group>"; };
		616140670F044D1C00DD585B /* status_blue.png */ = {isa = PBXFileReference; lastKnownFileType = image.png; path = status_blue.png; sourceTree = "<group>"; };
		616140680F044D1C00DD585B /* status_blue_badge.png */ = {isa = PBXFileReference; lastKnownFileType = image.png; path = status_blue_badge.png; sourceTree = "<group>"; };
		616140690F044D1C00DD585B /* status_blue_trans.png */ = {isa = PBXFileReference; lastKnownFileType = image.png; path = status_blue_trans.png; sourceTree = "<group>"; };
		6161406A0F044D1C00DD585B /* status_green_badge.png */ = {isa = PBXFileReference; lastKnownFileType = image.png; path = status_green_badge.png; sourceTree = "<group>"; };
		6161406B0F044D1C00DD585B /* status_green_trans.png */ = {isa = PBXFileReference; lastKnownFileType = image.png; path = status_green_trans.png; sourceTree = "<group>"; };
		6161406C0F044D1C00DD585B /* status_grey.png */ = {isa = PBXFileReference; lastKnownFileType = image.png; path = status_grey.png; sourceTree = "<group>"; };
		6161406D0F044D1C00DD585B /* status_grey_badge.png */ = {isa = PBXFileReference; lastKnownFileType = image.png; path = status_grey_badge.png; sourceTree = "<group>"; };
		6161406E0F044D1C00DD585B /* status_red.png */ = {isa = PBXFileReference; lastKnownFileType = image.png; path = status_red.png; sourceTree = "<group>"; };
		6161406F0F044D1C00DD585B /* status_skull.png */ = {isa = PBXFileReference; lastKnownFileType = image.png; path = status_skull.png; sourceTree = "<group>"; };
		616140700F044D1C00DD585B /* status_violet.png */ = {isa = PBXFileReference; lastKnownFileType = image.png; path = status_violet.png; sourceTree = "<group>"; };
		616140710F044D1C00DD585B /* status_yellow.png */ = {isa = PBXFileReference; lastKnownFileType = image.png; path = status_yellow.png; sourceTree = "<group>"; };
		616141E70F053DE400DD585B /* LabelCell.xib */ = {isa = PBXFileReference; lastKnownFileType = file.xib; path = LabelCell.xib; sourceTree = "<group>"; };
		6161423B0F05865B00DD585B /* DownloadingViewController.h */ = {isa = PBXFileReference; fileEncoding = 4; lastKnownFileType = sourcecode.c.h; path = DownloadingViewController.h; sourceTree = "<group>"; };
		6161423C0F05865B00DD585B /* DownloadingViewController.m */ = {isa = PBXFileReference; fileEncoding = 4; lastKnownFileType = sourcecode.c.objc; path = DownloadingViewController.m; sourceTree = "<group>"; };
		618DED220F0FF71E00B15244 /* my_flag.png */ = {isa = PBXFileReference; lastKnownFileType = image.png; path = my_flag.png; sourceTree = "<group>"; };
		619E70870F06B70100A9CBDB /* BlueBadge.h */ = {isa = PBXFileReference; fileEncoding = 4; lastKnownFileType = sourcecode.c.h; path = BlueBadge.h; sourceTree = "<group>"; };
		619E70880F06B70100A9CBDB /* BlueBadge.m */ = {isa = PBXFileReference; fileEncoding = 4; lastKnownFileType = sourcecode.c.objc; path = BlueBadge.m; sourceTree = "<group>"; };
		619E70AA0F06BCC200A9CBDB /* labels.png */ = {isa = PBXFileReference; lastKnownFileType = image.png; path = labels.png; sourceTree = "<group>"; };
		619E70AE0F06BD4D00A9CBDB /* updown.png */ = {isa = PBXFileReference; lastKnownFileType = image.png; path = updown.png; sourceTree = "<group>"; };
		619E72380F07A42D00A9CBDB /* CustomAlertView.h */ = {isa = PBXFileReference; fileEncoding = 4; lastKnownFileType = sourcecode.c.h; path = CustomAlertView.h; sourceTree = "<group>"; };
		619E72390F07A42D00A9CBDB /* CustomAlertView.m */ = {isa = PBXFileReference; fileEncoding = 4; lastKnownFileType = sourcecode.c.objc; path = CustomAlertView.m; sourceTree = "<group>"; };
		61A291150F4CA672008FFF3B /* setup.png */ = {isa = PBXFileReference; lastKnownFileType = image.png; path = setup.png; sourceTree = "<group>"; };
		61A511840F0032A700839B16 /* DetailedViewController.h */ = {isa = PBXFileReference; fileEncoding = 4; lastKnownFileType = sourcecode.c.h; path = DetailedViewController.h; sourceTree = "<group>"; };
		61A511850F0032A700839B16 /* DetailedViewController.m */ = {isa = PBXFileReference; fileEncoding = 4; lastKnownFileType = sourcecode.c.objc; path = DetailedViewController.m; sourceTree = "<group>"; };
		61BE8F8F0F0821B700D83454 /* hue.png */ = {isa = PBXFileReference; lastKnownFileType = image.png; path = hue.png; sourceTree = "<group>"; };
		61BE8F9C0F08253800D83454 /* brightness.png */ = {isa = PBXFileReference; lastKnownFileType = image.png; path = brightness.png; sourceTree = "<group>"; };
		61BE8FE20F08318300D83454 /* ring.png */ = {isa = PBXFileReference; lastKnownFileType = image.png; path = ring.png; sourceTree = "<group>"; };
		61BE8FF60F0833F000D83454 /* down.png */ = {isa = PBXFileReference; lastKnownFileType = image.png; path = down.png; sourceTree = "<group>"; };
		61DDE7250EFEDB5F00EE8119 /* Utilities.h */ = {isa = PBXFileReference; fileEncoding = 4; lastKnownFileType = sourcecode.c.h; path = Utilities.h; sourceTree = "<group>"; };
		61DDE7260EFEDB5F00EE8119 /* Utilities.m */ = {isa = PBXFileReference; fileEncoding = 4; lastKnownFileType = sourcecode.c.objc; path = Utilities.m; sourceTree = "<group>"; };
		61EB95100EF6C51F00340762 /* Settings.bundle */ = {isa = PBXFileReference; lastKnownFileType = "wrapper.plug-in"; path = Settings.bundle; sourceTree = "<group>"; };
		61EB956A0EF6CC6000340762 /* SystemConfiguration.framework */ = {isa = PBXFileReference; lastKnownFileType = wrapper.framework; name = SystemConfiguration.framework; path = /System/Library/Frameworks/SystemConfiguration.framework; sourceTree = "<absolute>"; };
		61EE0FBF0F13A627001798BB /* Icon.png */ = {isa = PBXFileReference; lastKnownFileType = image.png; path = Icon.png; sourceTree = "<group>"; };
		8D1107310486CEB800E47090 /* Info.plist */ = {isa = PBXFileReference; fileEncoding = 4; lastKnownFileType = text.plist.xml; path = Info.plist; sourceTree = "<group>"; };
/* End PBXFileReference section */

/* Begin PBXFrameworksBuildPhase section */
		1D60588F0D05DD3D006BFB54 /* Frameworks */ = {
			isa = PBXFrameworksBuildPhase;
			buildActionMask = 2147483647;
			files = (
				1D60589F0D05DD5A006BFB54 /* Foundation.framework in Frameworks */,
				1DF5F4E00D08C38300B7A737 /* UIKit.framework in Frameworks */,
				2892E4100DC94CBA00A64D0F /* CoreGraphics.framework in Frameworks */,
				61EB956B0EF6CC6000340762 /* SystemConfiguration.framework in Frameworks */,
			);
			runOnlyForDeploymentPostprocessing = 0;
		};
/* End PBXFrameworksBuildPhase section */

/* Begin PBXGroup section */
		080E96DDFE201D6D7F000001 /* Classes */ = {
			isa = PBXGroup;
			children = (
				619E70870F06B70100A9CBDB /* BlueBadge.h */,
				619E70880F06B70100A9CBDB /* BlueBadge.m */,
				61613FFA0F03A72500DD585B /* LabelCell.h */,
				61613FFB0F03A72500DD585B /* LabelCell.m */,
				28C286DF0D94DF7D0034E888 /* RootViewController.h */,
				28C286E00D94DF7D0034E888 /* RootViewController.m */,
				1D3623240D0F684500981E51 /* uTorrentViewAppDelegate.h */,
				1D3623250D0F684500981E51 /* uTorrentViewAppDelegate.m */,
				610620BD0EFD77FC003A3B53 /* uTorrentConstants.h */,
				610620EE0EFD7DC0003A3B53 /* TorrentCell.h */,
				610620EF0EFD7DC0003A3B53 /* TorrentCell.m */,
				61DDE7250EFEDB5F00EE8119 /* Utilities.h */,
				61DDE7260EFEDB5F00EE8119 /* Utilities.m */,
				49F16D240EFFFC490069037E /* TorrentNetworkManager.h */,
				49F16D250EFFFC490069037E /* TorrentNetworkManager.m */,
				49F16D2E0F0010730069037E /* TorrentListener.h */,
				61A511840F0032A700839B16 /* DetailedViewController.h */,
				61A511850F0032A700839B16 /* DetailedViewController.m */,
				612484960F02A0D600DB8B5F /* LabelsViewController.h */,
				612484970F02A0D600DB8B5F /* LabelsViewController.m */,
				6161423B0F05865B00DD585B /* DownloadingViewController.h */,
				6161423C0F05865B00DD585B /* DownloadingViewController.m */,
				619E72380F07A42D00A9CBDB /* CustomAlertView.h */,
				619E72390F07A42D00A9CBDB /* CustomAlertView.m */,
				49AC9E240F0E3A7E001DC76B /* TorrentOrganizer.h */,
				49AC9E270F0E3B5C001DC76B /* StatusOrganizer.h */,
				49AC9E280F0E3B5C001DC76B /* StatusOrganizer.m */,
				49AC9F720F0E6037001DC76B /* NameOrganizer.h */,
				49AC9F730F0E6037001DC76B /* NameOrganizer.m */,
				49B3904B0F45F490002A5FA0 /* SettingsViewController.h */,
				49B3904C0F45F490002A5FA0 /* SettingsViewController.m */,
				49B390580F45FFA6002A5FA0 /* SettingsCell.h */,
				49B390590F45FFA6002A5FA0 /* SettingsCell.m */,
			);
			path = Classes;
			sourceTree = "<group>";
		};
		19C28FACFE9D520D11CA2CBB /* Products */ = {
			isa = PBXGroup;
			children = (
				1D6058910D05DD3D006BFB54 /* uMonitor.app */,
			);
			name = Products;
			sourceTree = "<group>";
		};
		29B97314FDCFA39411CA2CEA /* CustomTemplate */ = {
			isa = PBXGroup;
			children = (
				61EB95100EF6C51F00340762 /* Settings.bundle */,
				080E96DDFE201D6D7F000001 /* Classes */,
				29B97315FDCFA39411CA2CEA /* Other Sources */,
				29B97317FDCFA39411CA2CEA /* Resources */,
				29B97323FDCFA39411CA2CEA /* Frameworks */,
				19C28FACFE9D520D11CA2CBB /* Products */,
			);
			name = CustomTemplate;
			sourceTree = "<group>";
		};
		29B97315FDCFA39411CA2CEA /* Other Sources */ = {
			isa = PBXGroup;
			children = (
				28A0AAE50D9B0CCF005BE974 /* uTorrentView_Prefix.pch */,
				29B97316FDCFA39411CA2CEA /* main.m */,
			);
			name = "Other Sources";
			sourceTree = "<group>";
		};
		29B97317FDCFA39411CA2CEA /* Resources */ = {
			isa = PBXGroup;
			children = (
				616141E70F053DE400DD585B /* LabelCell.xib */,
				616140180F0410A700DD585B /* Images */,
				612483D90F02600700DB8B5F /* CustomFooterView.xib */,
				2899E55F0DE3E45000AC0155 /* RootViewController.xib */,
				28AD735F0D9D9599002E5188 /* MainWindow.xib */,
				8D1107310486CEB800E47090 /* Info.plist */,
				49C0C8F90EFD80D700DCBCA3 /* DetailsViewController.xib */,
				612484990F02A11D00DB8B5F /* LabelsViewController.xib */,
				616140080F03A89500DD585B /* TorrentCell.xib */,
				49B3904E0F45F4FB002A5FA0 /* SettingsViewController.xib */,
				49B391D50F462B93002A5FA0 /* SettingsCell.xib */,
			);
			name = Resources;
			sourceTree = "<group>";
		};
		29B97323FDCFA39411CA2CEA /* Frameworks */ = {
			isa = PBXGroup;
			children = (
				61EB956A0EF6CC6000340762 /* SystemConfiguration.framework */,
				1DF5F4DF0D08C38300B7A737 /* UIKit.framework */,
				1D30AB110D05D00D00671497 /* Foundation.framework */,
				2892E40F0DC94CBA00A64D0F /* CoreGraphics.framework */,
			);
			name = Frameworks;
			sourceTree = "<group>";
		};
		616140180F0410A700DD585B /* Images */ = {
			isa = PBXGroup;
			children = (
				61A291150F4CA672008FFF3B /* setup.png */,
				61EE0FBF0F13A627001798BB /* Icon.png */,
				618DED220F0FF71E00B15244 /* my_flag.png */,
				6102A6CA0F08403700F3CC2C /* flag_white.png */,
				61BE8FF60F0833F000D83454 /* down.png */,
				61BE8FE20F08318300D83454 /* ring.png */,
				61BE8F9C0F08253800D83454 /* brightness.png */,
				61BE8F8F0F0821B700D83454 /* hue.png */,
				619E70AE0F06BD4D00A9CBDB /* updown.png */,
				619E70AA0F06BCC200A9CBDB /* labels.png */,
				616140670F044D1C00DD585B /* status_blue.png */,
				616140680F044D1C00DD585B /* status_blue_badge.png */,
				616140690F044D1C00DD585B /* status_blue_trans.png */,
				6161406A0F044D1C00DD585B /* status_green_badge.png */,
				6161406B0F044D1C00DD585B /* status_green_trans.png */,
				6161406C0F044D1C00DD585B /* status_grey.png */,
				6161406D0F044D1C00DD585B /* status_grey_badge.png */,
				6161406E0F044D1C00DD585B /* status_red.png */,
				6161406F0F044D1C00DD585B /* status_skull.png */,
				616140700F044D1C00DD585B /* status_violet.png */,
				616140710F044D1C00DD585B /* status_yellow.png */,
				616140190F0410BD00DD585B /* status_green.png */,
			);
			name = Images;
			sourceTree = "<group>";
		};
/* End PBXGroup section */

/* Begin PBXNativeTarget section */
		1D6058900D05DD3D006BFB54 /* uTorrentView */ = {
			isa = PBXNativeTarget;
			buildConfigurationList = 1D6058960D05DD3E006BFB54 /* Build configuration list for PBXNativeTarget "uTorrentView" */;
			buildPhases = (
				1D60588D0D05DD3D006BFB54 /* Resources */,
				1D60588E0D05DD3D006BFB54 /* Sources */,
				1D60588F0D05DD3D006BFB54 /* Frameworks */,
			);
			buildRules = (
			);
			dependencies = (
			);
			name = uTorrentView;
			productName = uTorrentView;
			productReference = 1D6058910D05DD3D006BFB54 /* uMonitor.app */;
			productType = "com.apple.product-type.application";
		};
/* End PBXNativeTarget section */

/* Begin PBXProject section */
		29B97313FDCFA39411CA2CEA /* Project object */ = {
			isa = PBXProject;
			buildConfigurationList = C01FCF4E08A954540054247B /* Build configuration list for PBXProject "uTorrentView" */;
			compatibilityVersion = "Xcode 3.1";
			hasScannedForEncodings = 1;
			knownRegions = (
				English,
				Japanese,
				French,
				German,
				en,
			);
			mainGroup = 29B97314FDCFA39411CA2CEA /* CustomTemplate */;
			projectDirPath = "";
			projectRoot = "";
			targets = (
				1D6058900D05DD3D006BFB54 /* uTorrentView */,
			);
		};
/* End PBXProject section */

/* Begin PBXResourcesBuildPhase section */
		1D60588D0D05DD3D006BFB54 /* Resources */ = {
			isa = PBXResourcesBuildPhase;
			buildActionMask = 2147483647;
			files = (
				28AD73600D9D9599002E5188 /* MainWindow.xib in Resources */,
				2899E5600DE3E45000AC0155 /* RootViewController.xib in Resources */,
				61EB95110EF6C51F00340762 /* Settings.bundle in Resources */,
				49C0C8FA0EFD80D700DCBCA3 /* DetailsViewController.xib in Resources */,
				612483DA0F02600700DB8B5F /* CustomFooterView.xib in Resources */,
				6124849A0F02A11D00DB8B5F /* LabelsViewController.xib in Resources */,
				616140090F03A89500DD585B /* TorrentCell.xib in Resources */,
				6161401A0F0410BD00DD585B /* status_green.png in Resources */,
				616140720F044D1C00DD585B /* status_blue.png in Resources */,
				616140730F044D1C00DD585B /* status_blue_badge.png in Resources */,
				616140740F044D1C00DD585B /* status_blue_trans.png in Resources */,
				616140750F044D1C00DD585B /* status_green_badge.png in Resources */,
				616140760F044D1C00DD585B /* status_green_trans.png in Resources */,
				616140770F044D1C00DD585B /* status_grey.png in Resources */,
				616140780F044D1C00DD585B /* status_grey_badge.png in Resources */,
				616140790F044D1C00DD585B /* status_red.png in Resources */,
				6161407A0F044D1C00DD585B /* status_skull.png in Resources */,
				6161407B0F044D1C00DD585B /* status_violet.png in Resources */,
				6161407C0F044D1C00DD585B /* status_yellow.png in Resources */,
				616141E80F053DE400DD585B /* LabelCell.xib in Resources */,
				619E70AB0F06BCC200A9CBDB /* labels.png in Resources */,
				619E70B00F06BD4D00A9CBDB /* updown.png in Resources */,
				61BE8F900F0821B700D83454 /* hue.png in Resources */,
				61BE8F9D0F08253800D83454 /* brightness.png in Resources */,
				61BE8FE30F08318300D83454 /* ring.png in Resources */,
				61BE8FF70F0833F000D83454 /* down.png in Resources */,
				6102A6CB0F08403700F3CC2C /* flag_white.png in Resources */,
				618DED230F0FF71E00B15244 /* my_flag.png in Resources */,
				61EE0FC00F13A627001798BB /* Icon.png in Resources */,
				49B3904F0F45F4FB002A5FA0 /* SettingsViewController.xib in Resources */,
				49B391D60F462B93002A5FA0 /* SettingsCell.xib in Resources */,
				61A291160F4CA672008FFF3B /* setup.png in Resources */,
			);
			runOnlyForDeploymentPostprocessing = 0;
		};
/* End PBXResourcesBuildPhase section */

/* Begin PBXSourcesBuildPhase section */
		1D60588E0D05DD3D006BFB54 /* Sources */ = {
			isa = PBXSourcesBuildPhase;
			buildActionMask = 2147483647;
			files = (
				1D60589B0D05DD56006BFB54 /* main.m in Sources */,
				1D3623260D0F684500981E51 /* uTorrentViewAppDelegate.m in Sources */,
				28C286E10D94DF7D0034E888 /* RootViewController.m in Sources */,
				610620F00EFD7DC0003A3B53 /* TorrentCell.m in Sources */,
				61DDE7270EFEDB5F00EE8119 /* Utilities.m in Sources */,
				49F16D260EFFFC490069037E /* TorrentNetworkManager.m in Sources */,
				61A511860F0032A700839B16 /* DetailedViewController.m in Sources */,
				612484980F02A0D600DB8B5F /* LabelsViewController.m in Sources */,
				61613FFC0F03A72500DD585B /* LabelCell.m in Sources */,
				6161423D0F05865B00DD585B /* DownloadingViewController.m in Sources */,
				619E70890F06B70100A9CBDB /* BlueBadge.m in Sources */,
				619E723A0F07A42D00A9CBDB /* CustomAlertView.m in Sources */,
				49AC9E290F0E3B5C001DC76B /* StatusOrganizer.m in Sources */,
				49AC9F740F0E6037001DC76B /* NameOrganizer.m in Sources */,
				49B3904D0F45F490002A5FA0 /* SettingsViewController.m in Sources */,
				49B3905A0F45FFA6002A5FA0 /* SettingsCell.m in Sources */,
			);
			runOnlyForDeploymentPostprocessing = 0;
		};
/* End PBXSourcesBuildPhase section */

/* Begin XCBuildConfiguration section */
		1D6058940D05DD3E006BFB54 /* Debug */ = {
			isa = XCBuildConfiguration;
			buildSettings = {
				ALWAYS_SEARCH_USER_PATHS = NO;
				COPY_PHASE_STRIP = NO;
				GCC_DYNAMIC_NO_PIC = NO;
				GCC_OPTIMIZATION_LEVEL = 0;
				GCC_PRECOMPILE_PREFIX_HEADER = YES;
				GCC_PREFIX_HEADER = uTorrentView_Prefix.pch;
				INFOPLIST_FILE = Info.plist;
				PRODUCT_NAME = uMonitor;
			};
			name = Debug;
		};
		1D6058950D05DD3E006BFB54 /* Release */ = {
			isa = XCBuildConfiguration;
			buildSettings = {
				ALWAYS_SEARCH_USER_PATHS = NO;
				COPY_PHASE_STRIP = YES;
				GCC_PRECOMPILE_PREFIX_HEADER = YES;
				GCC_PREFIX_HEADER = uTorrentView_Prefix.pch;
				INFOPLIST_FILE = Info.plist;
				PRODUCT_NAME = uMonitor;
			};
			name = Release;
		};
		61EA5FC50F180912009D81EE /* Distribution */ = {
			isa = XCBuildConfiguration;
			buildSettings = {
				ADDITIONAL_SDKS = "$HOME/Library/SDKs/JSON/$(PLATFORM_NAME).sdk";
				ARCHS = "$(ARCHS_STANDARD_32_BIT)";
				"CODE_SIGN_IDENTITY[sdk=iphoneos*]" = "iPhone Distribution: Claudio Marforio";
				CODE_SIGN_RESOURCE_RULES_PATH = "$(SDKROOT)/ResourceRules.plist";
				GCC_C_LANGUAGE_STANDARD = c99;
				GCC_WARN_ABOUT_RETURN_TYPE = YES;
				GCC_WARN_UNUSED_VARIABLE = YES;
				ONLY_ACTIVE_ARCH = YES;
				OTHER_LDFLAGS = (
					"-ObjC",
					"-ljson",
				);
				PREBINDING = NO;
				"PROVISIONING_PROFILE[sdk=iphoneos*]" = "C280E293-6C6C-449C-925E-35024CE7E6FE";
				SDKROOT = iphoneos2.2;
			};
			name = Distribution;
		};
		61EA5FC60F180912009D81EE /* Distribution */ = {
			isa = XCBuildConfiguration;
			buildSettings = {
				ALWAYS_SEARCH_USER_PATHS = NO;
				COPY_PHASE_STRIP = YES;
				GCC_PRECOMPILE_PREFIX_HEADER = YES;
				GCC_PREFIX_HEADER = uTorrentView_Prefix.pch;
				INFOPLIST_FILE = Info.plist;
				PRODUCT_NAME = uMonitor;
			};
			name = Distribution;
		};
		C01FCF4F08A954540054247B /* Debug */ = {
			isa = XCBuildConfiguration;
			buildSettings = {
				ADDITIONAL_SDKS = "$HOME/Library/SDKs/JSON/$(PLATFORM_NAME).sdk";
				ARCHS = "$(ARCHS_STANDARD_32_BIT)";
				"CODE_SIGN_IDENTITY[sdk=iphoneos*]" = "iPhone Developer: Claudio Marforio";
				CODE_SIGN_RESOURCE_RULES_PATH = "$(SDKROOT)/ResourceRules.plist";
				DEPLOYMENT_POSTPROCESSING = YES;
				GCC_C_LANGUAGE_STANDARD = c99;
				GCC_WARN_ABOUT_RETURN_TYPE = YES;
				GCC_WARN_UNUSED_VARIABLE = YES;
				ONLY_ACTIVE_ARCH = YES;
				OTHER_LDFLAGS = (
					"-ObjC",
					"-ljson",
				);
				PREBINDING = NO;
				"PROVISIONING_PROFILE[sdk=iphoneos*]" = "26942A10-9BCA-4D84-B0FE-E65DA21B4F2A";
				SDKROOT = iphoneos2.2;
			};
			name = Debug;
		};
		C01FCF5008A954540054247B /* Release */ = {
			isa = XCBuildConfiguration;
			buildSettings = {
				ADDITIONAL_SDKS = "$HOME/Library/SDKs/JSON/$(PLATFORM_NAME).sdk";
				ARCHS = "$(ARCHS_STANDARD_32_BIT)";
				"CODE_SIGN_IDENTITY[sdk=iphoneos*]" = "iPhone Developer: Claudio Marforio";
				CODE_SIGN_RESOURCE_RULES_PATH = "$(SDKROOT)/ResourceRules.plist";
				GCC_C_LANGUAGE_STANDARD = c99;
				GCC_WARN_ABOUT_RETURN_TYPE = YES;
				GCC_WARN_UNUSED_VARIABLE = YES;
				ONLY_ACTIVE_ARCH = YES;
				OTHER_LDFLAGS = (
					"-ObjC",
					"-ljson",
				);
				PREBINDING = NO;
				"PROVISIONING_PROFILE[sdk=iphoneos*]" = "26942A10-9BCA-4D84-B0FE-E65DA21B4F2A";
				SDKROOT = iphoneos2.2;
			};
			name = Release;
		};
/* End XCBuildConfiguration section */

/* Begin XCConfigurationList section */
		1D6058960D05DD3E006BFB54 /* Build configuration list for PBXNativeTarget "uTorrentView" */ = {
			isa = XCConfigurationList;
			buildConfigurations = (
				1D6058940D05DD3E006BFB54 /* Debug */,
				1D6058950D05DD3E006BFB54 /* Release */,
				61EA5FC60F180912009D81EE /* Distribution */,
			);
			defaultConfigurationIsVisible = 0;
			defaultConfigurationName = Release;
		};
		C01FCF4E08A954540054247B /* Build configuration list for PBXProject "uTorrentView" */ = {
			isa = XCConfigurationList;
			buildConfigurations = (
				C01FCF4F08A954540054247B /* Debug */,
				C01FCF5008A954540054247B /* Release */,
				61EA5FC50F180912009D81EE /* Distribution */,
			);
			defaultConfigurationIsVisible = 0;
			defaultConfigurationName = Release;
		};
/* End XCConfigurationList section */
	};
	rootObject = 29B97313FDCFA39411CA2CEA /* Project object */;
}
